
Microsoft Visual Studio Solution File, Format Version 12.00
# Visual Studio Version 17
VisualStudioVersion = 17.4.33213.308
MinimumVisualStudioVersion = 10.0.40219.1
Project("{FAE04EC0-301F-11D3-BF4B-00C04F79EFBC}") = "FileStatisticsWatcher", "FileStatisticsWatcher\FileStatisticsWatcher.csproj", "{0AC52A8C-83AD-46C9-83B6-DA38F6D3C1B1}"
EndProject
Global
	GlobalSection(SolutionConfigurationPlatforms) = preSolution
		Debug|Any CPU = Debug|Any CPU
		Release|Any CPU = Release|Any CPU
	EndGlobalSection
	GlobalSection(ProjectConfigurationPlatforms) = postSolution
		{0AC52A8C-83AD-46C9-83B6-DA38F6D3C1B1}.Debug|Any CPU.ActiveCfg = Debug|Any CPU
		{0AC52A8C-83AD-46C9-83B6-DA38F6D3C1B1}.Debug|Any CPU.Build.0 = Debug|Any CPU
		{0AC52A8C-83AD-46C9-83B6-DA38F6D3C1B1}.Release|Any CPU.ActiveCfg = Release|Any CPU
		{0AC52A8C-83AD-46C9-83B6-DA38F6D3C1B1}.Release|Any CPU.Build.0 = Release|Any CPU
	EndGlobalSection
	GlobalSection(SolutionProperties) = preSolution
		HideSolutionNode = FALSE
	EndGlobalSection
	GlobalSection(ExtensibilityGlobals) = postSolution
		SolutionGuid = {6941A770-5ECB-4C65-B40E-E8F9141B6C45}
	EndGlobalSection
EndGlobal
